{
  "name": "hyper-plugins",
  "version": "0.0.1",
  "lockfileVersion": 1,
  "requires": true,
  "dependencies": {
    "7zip": {
      "version": "0.0.6",
      "resolved": "https://registry.npmjs.org/7zip/-/7zip-0.0.6.tgz",
      "integrity": "sha1-nK+xca+CMpSQNTtIFvAzR6oVCjA="
    },
    "balanced-match": {
      "version": "1.0.0",
      "resolved": "https://registry.npmjs.org/balanced-match/-/balanced-match-1.0.0.tgz",
      "integrity": "sha1-ibTRmasr7kneFk6gK4nORi1xt2c="
    },
    "brace-expansion": {
      "version": "1.1.11",
      "resolved": "https://registry.npmjs.org/brace-expansion/-/brace-expansion-1.1.11.tgz",
      "integrity": "sha512-iCuPHDFgrHX7H2vEI/5xpz07zSHB00TpugqhmYtVmMO6518mCuRMoOYFldEBl0g187ufozdaHgWKcYFb61qGiA==",
      "requires": {
        "balanced-match": "^1.0.0",
        "concat-map": "0.0.1"
      }
    },
    "concat-map": {
      "version": "0.0.1",
      "resolved": "https://registry.npmjs.org/concat-map/-/concat-map-0.0.1.tgz",
      "integrity": "sha1-2Klr13/Wjfd5OnMDajug1UBdR3s="
    },
    "cross-unzip": {
      "version": "0.0.2",
      "resolved": "https://registry.npmjs.org/cross-unzip/-/cross-unzip-0.0.2.tgz",
      "integrity": "sha1-UYO8R6CVWb78+YzEZXlkmZNZNy8="
    },
    "electron-devtools-installer": {
      "version": "2.2.4",
      "resolved": "https://registry.npmjs.org/electron-devtools-installer/-/electron-devtools-installer-2.2.4.tgz",
      "integrity": "sha512-b5kcM3hmUqn64+RUcHjjr8ZMpHS2WJ5YO0pnG9+P/RTdx46of/JrEjuciHWux6pE+On6ynWhHJF53j/EDJN0PA==",
      "requires": {
        "7zip": "0.0.6",
        "cross-unzip": "0.0.2",
        "rimraf": "^2.5.2",
        "semver": "^5.3.0"
      }
    },
    "email-regex": {
      "version": "1.0.0",
      "resolved": "https://registry.npmjs.org/email-regex/-/email-regex-1.0.0.tgz",
      "integrity": "sha1-FsCPH6gxCQcJASdDCmhWJyi9Aps="
    },
    "escape-html": {
      "version": "1.0.3",
      "resolved": "https://registry.npmjs.org/escape-html/-/escape-html-1.0.3.tgz",
      "integrity": "sha1-Aljq5NPQwJdN4cFpGI7wBR0dGYg="
    },
    "fs.realpath": {
      "version": "1.0.0",
      "resolved": "https://registry.npmjs.org/fs.realpath/-/fs.realpath-1.0.0.tgz",
      "integrity": "sha1-FQStJSMVjKpA20onh8sBQRmU6k8="
    },
    "glob": {
      "version": "7.1.6",
      "resolved": "https://registry.npmjs.org/glob/-/glob-7.1.6.tgz",
      "integrity": "sha512-LwaxwyZ72Lk7vZINtNNrywX0ZuLyStrdDtabefZKAY5ZGJhVtgdznluResxNmPitE0SAO+O26sWTHeKSI2wMBA==",
      "requires": {
        "fs.realpath": "^1.0.0",
        "inflight": "^1.0.4",
        "inherits": "2",
        "minimatch": "^3.0.4",
        "once": "^1.3.0",
        "path-is-absolute": "^1.0.0"
      }
    },
    "hyper-blink": {
      "version": "1.1.2",
      "resolved": "https://registry.npmjs.org/hyper-blink/-/hyper-blink-1.1.2.tgz",
      "integrity": "sha1-+ATJeXp8btU8AqpluEh9GXYfxyo=",
      "requires": {
        "lodash.throttle": "^4.0.1"
      }
    },
    "hyper-one-dark": {
      "version": "1.0.0",
      "resolved": "https://registry.npmjs.org/hyper-one-dark/-/hyper-one-dark-1.0.0.tgz",
      "integrity": "sha1-jDwRYHhIdDyESkKCC9juTm6qaY8="
    },
    "hyper-search": {
      "version": "0.4.0",
      "resolved": "https://registry.npmjs.org/hyper-search/-/hyper-search-0.4.0.tgz",
      "integrity": "sha512-fWwJpe8CJ7Li4QyGHrogztNP9fxanqSrHOA9pBJqNXDHgBkxZegMMbUP8gaBqKpuNOv3GfnoobxeDJ6u7Kax1Q=="
    },
    "hyperlinks": {
      "version": "0.5.0",
      "resolved": "https://registry.npmjs.org/hyperlinks/-/hyperlinks-0.5.0.tgz",
      "integrity": "sha1-4ugk1vUDZT0mv04nNaPbJHQ/TU4=",
      "requires": {
        "email-regex": "1.0.0",
        "escape-html": "1.0.3",
        "ip-regex": "2.0.0",
        "url-regex": "4.0.0"
      }
    },
    "hyperterm-install-devtools": {
      "version": "1.1.0",
      "resolved": "https://registry.npmjs.org/hyperterm-install-devtools/-/hyperterm-install-devtools-1.1.0.tgz",
      "integrity": "sha1-kfUD4KFCbN6C5Ka9y9dH2CisqnY=",
      "requires": {
        "electron-devtools-installer": "^2.0.0"
      }
    },
    "hypertheme": {
      "version": "0.1.0",
      "resolved": "https://registry.npmjs.org/hypertheme/-/hypertheme-0.1.0.tgz",
      "integrity": "sha1-a79eK7ZvcOdhebltGVqMY67ZruQ="
    },
    "inflight": {
      "version": "1.0.6",
      "resolved": "https://registry.npmjs.org/inflight/-/inflight-1.0.6.tgz",
      "integrity": "sha1-Sb1jMdfQLQwJvJEKEHW6gWW1bfk=",
      "requires": {
        "once": "^1.3.0",
        "wrappy": "1"
      }
    },
    "inherits": {
      "version": "2.0.4",
      "resolved": "https://registry.npmjs.org/inherits/-/inherits-2.0.4.tgz",
      "integrity": "sha512-k/vGaX4/Yla3WzyMCvTQOXYeIHvqOKtnqBduzTHpzpQZzAskKMhZ2K+EnBiSM9zGSoIFeMpXKxa4dYeZIQqewQ=="
    },
    "ip-regex": {
      "version": "2.0.0",
      "resolved": "https://registry.npmjs.org/ip-regex/-/ip-regex-2.0.0.tgz",
      "integrity": "sha1-kTqS2wI3I9bRo4uHTFQ4kxZbJP8="
    },
    "lodash.throttle": {
      "version": "4.1.1",
      "resolved": "https://registry.npmjs.org/lodash.throttle/-/lodash.throttle-4.1.1.tgz",
      "integrity": "sha1-wj6RtxAkKscMN/HhzaknTMOb8vQ="
    },
    "minimatch": {
      "version": "3.0.4",
      "resolved": "https://registry.npmjs.org/minimatch/-/minimatch-3.0.4.tgz",
      "integrity": "sha512-yJHVQEhyqPLUTgt9B83PXu6W3rx4MvvHvSUvToogpwoGDOUQ+yDrR0HRot+yOCdCO7u4hX3pWft6kWBBcqh0UA==",
      "requires": {
        "brace-expansion": "^1.1.7"
      }
    },
    "once": {
      "version": "1.4.0",
      "resolved": "https://registry.npmjs.org/once/-/once-1.4.0.tgz",
      "integrity": "sha1-WDsap3WWHUsROsF9nFC6753Xa9E=",
      "requires": {
        "wrappy": "1"
      }
    },
    "path-is-absolute": {
      "version": "1.0.1",
      "resolved": "https://registry.npmjs.org/path-is-absolute/-/path-is-absolute-1.0.1.tgz",
      "integrity": "sha1-F0uSaHNVNP+8es5r9TpanhtcX18="
    },
    "rimraf": {
      "version": "2.7.1",
      "resolved": "https://registry.npmjs.org/rimraf/-/rimraf-2.7.1.tgz",
      "integrity": "sha512-uWjbaKIK3T1OSVptzX7Nl6PvQ3qAGtKEtVRjRuazjfL3Bx5eI409VZSqgND+4UNnmzLVdPj9FqFJNPqBZFve4w==",
      "requires": {
        "glob": "^7.1.3"
      }
    },
    "semver": {
      "version": "5.7.1",
      "resolved": "https://registry.npmjs.org/semver/-/semver-5.7.1.tgz",
      "integrity": "sha512-sauaDf/PZdVgrLTNYHRtpXa1iRiKcaebiKQ1BJdpQlWH2lCvexQdX55snPFyK7QzpudqbCI0qXFfOasHdyNDGQ=="
    },
    "url-regex": {
      "version": "4.0.0",
      "resolved": "https://registry.npmjs.org/url-regex/-/url-regex-4.0.0.tgz",
      "integrity": "sha1-60j7rzgPv0yVLHbr0tLOAPm0yjI=",
      "requires": {
        "ip-regex": "^1.0.1"
      },
      "dependencies": {
        "ip-regex": {
          "version": "1.0.3",
          "resolved": "https://registry.npmjs.org/ip-regex/-/ip-regex-1.0.3.tgz",
          "integrity": "sha1-3FiQdvZZ9BnCIgOaMzFvHHOH7/0="
        }
      }
    },
    "wrappy": {
      "version": "1.0.2",
      "resolved": "https://registry.npmjs.org/wrappy/-/wrappy-1.0.2.tgz",
      "integrity": "sha1-tSQ9jz7BqjXxNkYFvA0QNuMKtp8="
    }
  }
}
